
Microsoft Visual Studio Solution File, Format Version 12.00
# Visual Studio Version 17
VisualStudioVersion = 17.3.32922.545
MinimumVisualStudioVersion = 10.0.40219.1
Project("{FAE04EC0-301F-11D3-BF4B-00C04F79EFBC}") = "DailyApp.API", "DailyApp.API\DailyApp.API.csproj", "{21A4A0DB-6ED0-4DDD-B7E6-F010B5A8CE5F}"
EndProject
Global
	GlobalSection(SolutionConfigurationPlatforms) = preSolution
		Debug|Any CPU = Debug|Any CPU
		Release|Any CPU = Release|Any CPU
	EndGlobalSection
	GlobalSection(ProjectConfigurationPlatforms) = postSolution
		{21A4A0DB-6ED0-4DDD-B7E6-F010B5A8CE5F}.Debug|Any CPU.ActiveCfg = Debug|Any CPU
		{21A4A0DB-6ED0-4DDD-B7E6-F010B5A8CE5F}.Debug|Any CPU.Build.0 = Debug|Any CPU
		{21A4A0DB-6ED0-4DDD-B7E6-F010B5A8CE5F}.Release|Any CPU.ActiveCfg = Release|Any CPU
		{21A4A0DB-6ED0-4DDD-B7E6-F010B5A8CE5F}.Release|Any CPU.Build.0 = Release|Any CPU
	EndGlobalSection
	GlobalSection(SolutionProperties) = preSolution
		HideSolutionNode = FALSE
	EndGlobalSection
	GlobalSection(ExtensibilityGlobals) = postSolution
		SolutionGuid = {C878A72C-C131-4121-BE1B-F86240829491}
	EndGlobalSection
EndGlobal
