
Microsoft Visual Studio Solution File, Format Version 12.00
# Visual Studio Version 17
VisualStudioVersion = 17.3.32922.545
MinimumVisualStudioVersion = 10.0.40219.1
Project("{FAE04EC0-301F-11D3-BF4B-00C04F79EFBC}") = "Test.WPF", "Test.WPF\Test.WPF.csproj", "{64FAA2AF-9C32-459B-8385-ED5F61197F7B}"
EndProject
Global
	GlobalSection(SolutionConfigurationPlatforms) = preSolution
		Debug|Any CPU = Debug|Any CPU
		Release|Any CPU = Release|Any CPU
	EndGlobalSection
	GlobalSection(ProjectConfigurationPlatforms) = postSolution
		{64FAA2AF-9C32-459B-8385-ED5F61197F7B}.Debug|Any CPU.ActiveCfg = Debug|Any CPU
		{64FAA2AF-9C32-459B-8385-ED5F61197F7B}.Debug|Any CPU.Build.0 = Debug|Any CPU
		{64FAA2AF-9C32-459B-8385-ED5F61197F7B}.Release|Any CPU.ActiveCfg = Release|Any CPU
		{64FAA2AF-9C32-459B-8385-ED5F61197F7B}.Release|Any CPU.Build.0 = Release|Any CPU
	EndGlobalSection
	GlobalSection(SolutionProperties) = preSolution
		HideSolutionNode = FALSE
	EndGlobalSection
	GlobalSection(ExtensibilityGlobals) = postSolution
		SolutionGuid = {3A8FA745-227B-436B-99B2-8CABA0E56D26}
	EndGlobalSection
EndGlobal
