
Microsoft Visual Studio Solution File, Format Version 12.00
# Visual Studio Version 17
VisualStudioVersion = 17.3.32922.545
MinimumVisualStudioVersion = 10.0.40219.1
Project("{9A19103F-16F7-4668-BE54-9A1E7A4F7556}") = "WpfForPrism", "WpfForPrism\WpfForPrism.csproj", "{49B547B8-2CE7-4D8E-A3D5-7FE0CEA16DE3}"
EndProject
Project("{FAE04EC0-301F-11D3-BF4B-00C04F79EFBC}") = "ModuleA", "ModuleA\ModuleA.csproj", "{5B577F8B-A9B8-4A6E-9B67-C8B716C2D4A5}"
EndProject
Project("{FAE04EC0-301F-11D3-BF4B-00C04F79EFBC}") = "ModuleB", "ModuleB\ModuleB.csproj", "{4A38355B-3DB6-43C3-B2C2-ECD77AD70B0F}"
EndProject
Global
	GlobalSection(SolutionConfigurationPlatforms) = preSolution
		Debug|Any CPU = Debug|Any CPU
		Release|Any CPU = Release|Any CPU
	EndGlobalSection
	GlobalSection(ProjectConfigurationPlatforms) = postSolution
		{49B547B8-2CE7-4D8E-A3D5-7FE0CEA16DE3}.Debug|Any CPU.ActiveCfg = Debug|Any CPU
		{49B547B8-2CE7-4D8E-A3D5-7FE0CEA16DE3}.Debug|Any CPU.Build.0 = Debug|Any CPU
		{49B547B8-2CE7-4D8E-A3D5-7FE0CEA16DE3}.Release|Any CPU.ActiveCfg = Release|Any CPU
		{49B547B8-2CE7-4D8E-A3D5-7FE0CEA16DE3}.Release|Any CPU.Build.0 = Release|Any CPU
		{5B577F8B-A9B8-4A6E-9B67-C8B716C2D4A5}.Debug|Any CPU.ActiveCfg = Debug|Any CPU
		{5B577F8B-A9B8-4A6E-9B67-C8B716C2D4A5}.Debug|Any CPU.Build.0 = Debug|Any CPU
		{5B577F8B-A9B8-4A6E-9B67-C8B716C2D4A5}.Release|Any CPU.ActiveCfg = Release|Any CPU
		{5B577F8B-A9B8-4A6E-9B67-C8B716C2D4A5}.Release|Any CPU.Build.0 = Release|Any CPU
		{4A38355B-3DB6-43C3-B2C2-ECD77AD70B0F}.Debug|Any CPU.ActiveCfg = Debug|Any CPU
		{4A38355B-3DB6-43C3-B2C2-ECD77AD70B0F}.Debug|Any CPU.Build.0 = Debug|Any CPU
		{4A38355B-3DB6-43C3-B2C2-ECD77AD70B0F}.Release|Any CPU.ActiveCfg = Release|Any CPU
		{4A38355B-3DB6-43C3-B2C2-ECD77AD70B0F}.Release|Any CPU.Build.0 = Release|Any CPU
	EndGlobalSection
	GlobalSection(SolutionProperties) = preSolution
		HideSolutionNode = FALSE
	EndGlobalSection
	GlobalSection(ExtensibilityGlobals) = postSolution
		SolutionGuid = {A5BC9FC2-0F0B-48A4-B5CB-75F9579212A7}
	EndGlobalSection
EndGlobal
